
Microsoft Visual Studio Solution File, Format Version 12.00
# Visual Studio Version 17
VisualStudioVersion = 17.0.31903.59
MinimumVisualStudioVersion = 10.0.40219.1
Project("{FAE04EC0-301F-11D3-BF4B-00C04F79EFBC}") = "FreightBackend", "FreightBackend\FreightBackend.csproj", "{970A0531-F6C6-4455-92FF-C7AA0FEB51EE}"
EndProject
Project("{FAE04EC0-301F-11D3-BF4B-00C04F79EFBC}") = "FreightBackend.Tests", "FreightBackend.Tests\FreightBackend.Tests.csproj", "{E14B66DB-7313-4741-8DCC-10CDB85BDAAB}"
EndProject
Global
	GlobalSection(SolutionConfigurationPlatforms) = preSolution
		Debug|Any CPU = Debug|Any CPU
		Debug|x64 = Debug|x64
		Debug|x86 = Debug|x86
		Release|Any CPU = Release|Any CPU
		Release|x64 = Release|x64
		Release|x86 = Release|x86
	EndGlobalSection
	GlobalSection(ProjectConfigurationPlatforms) = postSolution
		{970A0531-F6C6-4455-92FF-C7AA0FEB51EE}.Debug|Any CPU.ActiveCfg = Debug|Any CPU
		{970A0531-F6C6-4455-92FF-C7AA0FEB51EE}.Debug|Any CPU.Build.0 = Debug|Any CPU
		{970A0531-F6C6-4455-92FF-C7AA0FEB51EE}.Debug|x64.ActiveCfg = Debug|Any CPU
		{970A0531-F6C6-4455-92FF-C7AA0FEB51EE}.Debug|x64.Build.0 = Debug|Any CPU
		{970A0531-F6C6-4455-92FF-C7AA0FEB51EE}.Debug|x86.ActiveCfg = Debug|Any CPU
		{970A0531-F6C6-4455-92FF-C7AA0FEB51EE}.Debug|x86.Build.0 = Debug|Any CPU
		{970A0531-F6C6-4455-92FF-C7AA0FEB51EE}.Release|Any CPU.ActiveCfg = Release|Any CPU
		{970A0531-F6C6-4455-92FF-C7AA0FEB51EE}.Release|Any CPU.Build.0 = Release|Any CPU
		{970A0531-F6C6-4455-92FF-C7AA0FEB51EE}.Release|x64.ActiveCfg = Release|Any CPU
		{970A0531-F6C6-4455-92FF-C7AA0FEB51EE}.Release|x64.Build.0 = Release|Any CPU
		{970A0531-F6C6-4455-92FF-C7AA0FEB51EE}.Release|x86.ActiveCfg = Release|Any CPU
		{970A0531-F6C6-4455-92FF-C7AA0FEB51EE}.Release|x86.Build.0 = Release|Any CPU
		{E14B66DB-7313-4741-8DCC-10CDB85BDAAB}.Debug|Any CPU.ActiveCfg = Debug|Any CPU
		{E14B66DB-7313-4741-8DCC-10CDB85BDAAB}.Debug|Any CPU.Build.0 = Debug|Any CPU
		{E14B66DB-7313-4741-8DCC-10CDB85BDAAB}.Debug|x64.ActiveCfg = Debug|Any CPU
		{E14B66DB-7313-4741-8DCC-10CDB85BDAAB}.Debug|x64.Build.0 = Debug|Any CPU
		{E14B66DB-7313-4741-8DCC-10CDB85BDAAB}.Debug|x86.ActiveCfg = Debug|Any CPU
		{E14B66DB-7313-4741-8DCC-10CDB85BDAAB}.Debug|x86.Build.0 = Debug|Any CPU
		{E14B66DB-7313-4741-8DCC-10CDB85BDAAB}.Release|Any CPU.ActiveCfg = Release|Any CPU
		{E14B66DB-7313-4741-8DCC-10CDB85BDAAB}.Release|Any CPU.Build.0 = Release|Any CPU
		{E14B66DB-7313-4741-8DCC-10CDB85BDAAB}.Release|x64.ActiveCfg = Release|Any CPU
		{E14B66DB-7313-4741-8DCC-10CDB85BDAAB}.Release|x64.Build.0 = Release|Any CPU
		{E14B66DB-7313-4741-8DCC-10CDB85BDAAB}.Release|x86.ActiveCfg = Release|Any CPU
		{E14B66DB-7313-4741-8DCC-10CDB85BDAAB}.Release|x86.Build.0 = Release|Any CPU
	EndGlobalSection
	GlobalSection(SolutionProperties) = preSolution
		HideSolutionNode = FALSE
	EndGlobalSection
EndGlobal
